
Microsoft Visual Studio Solution File, Format Version 12.00
# Visual Studio 2012
Project("{FAE04EC0-301F-11D3-BF4B-00C04F79EFBC}") = "NinoTweet", "NinoTweet\NinoTweet.csproj", "{8F852115-169A-4098-A771-ADD2957BBCF3}"
EndProject
Project("{FAE04EC0-301F-11D3-BF4B-00C04F79EFBC}") = "libgame", "libgame\libgame.csproj", "{47373F3F-6A6A-4B2A-B06E-971D9FBDB545}"
EndProject
Global
	GlobalSection(SolutionConfigurationPlatforms) = preSolution
		Debug|x86 = Debug|x86
		Release|x86 = Release|x86
	EndGlobalSection
	GlobalSection(ProjectConfigurationPlatforms) = postSolution
		{47373F3F-6A6A-4B2A-B06E-971D9FBDB545}.Debug|x86.ActiveCfg = Debug|Any CPU
		{47373F3F-6A6A-4B2A-B06E-971D9FBDB545}.Debug|x86.Build.0 = Debug|Any CPU
		{47373F3F-6A6A-4B2A-B06E-971D9FBDB545}.Release|x86.ActiveCfg = Release|Any CPU
		{47373F3F-6A6A-4B2A-B06E-971D9FBDB545}.Release|x86.Build.0 = Release|Any CPU
		{8F852115-169A-4098-A771-ADD2957BBCF3}.Debug|x86.ActiveCfg = Debug|x86
		{8F852115-169A-4098-A771-ADD2957BBCF3}.Debug|x86.Build.0 = Debug|x86
		{8F852115-169A-4098-A771-ADD2957BBCF3}.Release|x86.ActiveCfg = Release|x86
		{8F852115-169A-4098-A771-ADD2957BBCF3}.Release|x86.Build.0 = Release|x86
	EndGlobalSection
EndGlobal
