
Microsoft Visual Studio Solution File, Format Version 11.00
# Visual Studio 2010
Project("{FAE04EC0-301F-11D3-BF4B-00C04F79EFBC}") = "pam2mpg", "pam2mpg\pam2mpg.csproj", "{AD3EBFDD-EDB2-4231-9618-B1598B6CDAB6}"
EndProject
Global
	GlobalSection(SolutionConfigurationPlatforms) = preSolution
		Debug|x86 = Debug|x86
		Release|x86 = Release|x86
	EndGlobalSection
	GlobalSection(ProjectConfigurationPlatforms) = postSolution
		{AD3EBFDD-EDB2-4231-9618-B1598B6CDAB6}.Debug|x86.ActiveCfg = Debug|x86
		{AD3EBFDD-EDB2-4231-9618-B1598B6CDAB6}.Debug|x86.Build.0 = Debug|x86
		{AD3EBFDD-EDB2-4231-9618-B1598B6CDAB6}.Release|x86.ActiveCfg = Release|x86
		{AD3EBFDD-EDB2-4231-9618-B1598B6CDAB6}.Release|x86.Build.0 = Release|x86
	EndGlobalSection
	GlobalSection(MonoDevelopProperties) = preSolution
		StartupItem = pam2mpg\pam2mpg.csproj
	EndGlobalSection
EndGlobal
